
Microsoft Visual Studio Solution File, Format Version 12.00
# Visual Studio Version 16
VisualStudioVersion = 16.0.32002.261
MinimumVisualStudioVersion = 10.0.40219.1
Project("{FAE04EC0-301F-11D3-BF4B-00C04F79EFBC}") = "hospitalForm", "hospitalForm\hospitalForm.csproj", "{9E42E455-320D-4D09-95AC-4F501E4A9422}"
EndProject
Global
	GlobalSection(SolutionConfigurationPlatforms) = preSolution
		Debug|Any CPU = Debug|Any CPU
		Release|Any CPU = Release|Any CPU
	EndGlobalSection
	GlobalSection(ProjectConfigurationPlatforms) = postSolution
		{9E42E455-320D-4D09-95AC-4F501E4A9422}.Debug|Any CPU.ActiveCfg = Debug|Any CPU
		{9E42E455-320D-4D09-95AC-4F501E4A9422}.Debug|Any CPU.Build.0 = Debug|Any CPU
		{9E42E455-320D-4D09-95AC-4F501E4A9422}.Release|Any CPU.ActiveCfg = Release|Any CPU
		{9E42E455-320D-4D09-95AC-4F501E4A9422}.Release|Any CPU.Build.0 = Release|Any CPU
	EndGlobalSection
	GlobalSection(SolutionProperties) = preSolution
		HideSolutionNode = FALSE
	EndGlobalSection
	GlobalSection(ExtensibilityGlobals) = postSolution
		SolutionGuid = {1362D6B1-0CEC-4492-9D78-B691BB7FB152}
	EndGlobalSection
EndGlobal
